# THIS IS AN AUTOGENERATED FILE. DO NOT EDIT THIS FILE DIRECTLY.
# yarn lockfile v1


"@dck/bs-node@0.2.0":
  version "0.2.0"
  resolved "https://registry.yarnpkg.com/@dck/bs-node/-/bs-node-0.2.0.tgz#f6dc71b3b459eef68825904d5a5d85ee3d459c9b"
  integrity sha512-3LWwuy0bdg8iJOFD8Xq2v32qQgIir8PInHUmpRsv6CTC9wH9qrshabv1HnctbQm0XaQcGtfuJ956dlKKP1gUaQ==

bs-platform@5.0.6:
  version "5.0.6"
  resolved "https://registry.yarnpkg.com/bs-platform/-/bs-platform-5.0.6.tgz#88c13041fb020479800de3d82c680bf971091425"
  integrity sha512-6Boa2VEcWJp2WJr38L7bp3J929nYha7gDarjxb070jWzgfPJ/WbzjipmSfnu2eqqk1MfjEIpBipbPz6n1NISwA==
